
Microsoft Visual Studio Solution File, Format Version 12.00
# Visual Studio 14
VisualStudioVersion = 14.0.24720.0
MinimumVisualStudioVersion = 10.0.40219.1
Project("{FAE04EC0-301F-11D3-BF4B-00C04F79EFBC}") = "Ds18B20Reader", "Ds18B20Reader\Ds18B20Reader.csproj", "{CF1AC936-9802-42B0-AF98-398CB76BFFFD}"
EndProject
Project("{FAE04EC0-301F-11D3-BF4B-00C04F79EFBC}") = "TemperatureReader", "TemperatureReader\TemperatureReader.csproj", "{E8A5A81C-6B54-405A-8406-31370B0C13C1}"
EndProject
Global
	GlobalSection(SolutionConfigurationPlatforms) = preSolution
		Debug|Any CPU = Debug|Any CPU
		Release|Any CPU = Release|Any CPU
	EndGlobalSection
	GlobalSection(ProjectConfigurationPlatforms) = postSolution
		{CF1AC936-9802-42B0-AF98-398CB76BFFFD}.Debug|Any CPU.ActiveCfg = Debug|Any CPU
		{CF1AC936-9802-42B0-AF98-398CB76BFFFD}.Debug|Any CPU.Build.0 = Debug|Any CPU
		{CF1AC936-9802-42B0-AF98-398CB76BFFFD}.Release|Any CPU.ActiveCfg = Release|Any CPU
		{CF1AC936-9802-42B0-AF98-398CB76BFFFD}.Release|Any CPU.Build.0 = Release|Any CPU
		{E8A5A81C-6B54-405A-8406-31370B0C13C1}.Debug|Any CPU.ActiveCfg = Debug|Any CPU
		{E8A5A81C-6B54-405A-8406-31370B0C13C1}.Debug|Any CPU.Build.0 = Debug|Any CPU
		{E8A5A81C-6B54-405A-8406-31370B0C13C1}.Release|Any CPU.ActiveCfg = Release|Any CPU
		{E8A5A81C-6B54-405A-8406-31370B0C13C1}.Release|Any CPU.Build.0 = Release|Any CPU
	EndGlobalSection
	GlobalSection(SolutionProperties) = preSolution
		HideSolutionNode = FALSE
	EndGlobalSection
EndGlobal
